// !$*UTF8*$!
{
	archiveVersion = 1;
	classes = {
	};
	objectVersion = 46;
	objects = {

/* Begin PBXBuildFile section */
		031CF5B917FB60B70011D5F5 /* Parse.framework in Frameworks */ = {isa = PBXBuildFile; fileRef = 031CF5B817FB60B70011D5F5 /* Parse.framework */; };
		031CF5BB17FB63580011D5F5 /* Main35.storyboard in Resources */ = {isa = PBXBuildFile; fileRef = 031CF5BA17FB63580011D5F5 /* Main35.storyboard */; };
		031CF5C017FB7DD70011D5F5 /* libTestFlight.a in Frameworks */ = {isa = PBXBuildFile; fileRef = 031CF5BF17FB7DD70011D5F5 /* libTestFlight.a */; };
		03249F911856A04500D6280C /* SUCommentViewController.m in Sources */ = {isa = PBXBuildFile; fileRef = 03249F901856A04500D6280C /* SUCommentViewController.m */; };
		0327152E18BBBD060011FA10 /* Texture.csv in Resources */ = {isa = PBXBuildFile; fileRef = 0327152D18BBBD060011FA10 /* Texture.csv */; };
		033A4E331807BC1600CBECEB /* Colors.csv in Resources */ = {isa = PBXBuildFile; fileRef = 033A4E321807BC1600CBECEB /* Colors.csv */; };
		034EEA07182C542700568FC9 /* SuitModel.xcdatamodeld in Sources */ = {isa = PBXBuildFile; fileRef = 034EEA05182C542700568FC9 /* SuitModel.xcdatamodeld */; };
		034EEA0D182C551B00568FC9 /* SUOpenView.m in Sources */ = {isa = PBXBuildFile; fileRef = 034EEA0C182C551B00568FC9 /* SUOpenView.m */; };
		034EEA0F182C553000568FC9 /* OpenView.xib in Resources */ = {isa = PBXBuildFile; fileRef = 034EEA0E182C553000568FC9 /* OpenView.xib */; };
		036BFCAE181C2ACB0037C1A8 /* TJSpinner.m in Sources */ = {isa = PBXBuildFile; fileRef = 036BFCAD181C2ACB0037C1A8 /* TJSpinner.m */; };
		036BFCBB181C33310037C1A8 /* JKPopup.m in Sources */ = {isa = PBXBuildFile; fileRef = 036BFCB8181C33310037C1A8 /* JKPopup.m */; };
		036BFCBC181C33310037C1A8 /* JKProgressHUD.m in Sources */ = {isa = PBXBuildFile; fileRef = 036BFCBA181C33310037C1A8 /* JKProgressHUD.m */; };
		036BFCBF181C51AC0037C1A8 /* SURatingPopup.m in Sources */ = {isa = PBXBuildFile; fileRef = 036BFCBE181C51AC0037C1A8 /* SURatingPopup.m */; };
		036EF3CB17FCEBCF009C8CF2 /* SUSuitView.m in Sources */ = {isa = PBXBuildFile; fileRef = 036EF3CA17FCEBCF009C8CF2 /* SUSuitView.m */; };
		03921FC8187A0ABC004F7BEA /* Suit.m in Sources */ = {isa = PBXBuildFile; fileRef = 03921FC7187A0ABC004F7BEA /* Suit.m */; };
		03AA66BA18BAF7920022034F /* Parse.framework in Frameworks */ = {isa = PBXBuildFile; fileRef = 03AA66B918BAF7920022034F /* Parse.framework */; };
		03AA66BC18BAF7B80022034F /* libCorePlot-CocoaTouch.a in Frameworks */ = {isa = PBXBuildFile; fileRef = 03AA66BB18BAF7B80022034F /* libCorePlot-CocoaTouch.a */; };
		03ACD1EB18079A6800845CC0 /* CSVParser.m in Sources */ = {isa = PBXBuildFile; fileRef = 03ACD1EA18079A6800845CC0 /* CSVParser.m */; };
		03D3F90617FCC59100D8B63E /* SuitView.xib in Resources */ = {isa = PBXBuildFile; fileRef = 03D3F90517FCC59100D8B63E /* SuitView.xib */; };
		03D3F90C17FCC5AF00D8B63E /* SUShirtView.m in Sources */ = {isa = PBXBuildFile; fileRef = 03D3F90B17FCC5AF00D8B63E /* SUShirtView.m */; };
		03D3F90E17FCC5BD00D8B63E /* ShirtView.xib in Resources */ = {isa = PBXBuildFile; fileRef = 03D3F90D17FCC5BD00D8B63E /* ShirtView.xib */; };
		03D3F91017FCC5C800D8B63E /* ShoesView.xib in Resources */ = {isa = PBXBuildFile; fileRef = 03D3F90F17FCC5C800D8B63E /* ShoesView.xib */; };
		03D3F91317FCC5D200D8B63E /* SUShoesView.m in Sources */ = {isa = PBXBuildFile; fileRef = 03D3F91217FCC5D200D8B63E /* SUShoesView.m */; };
		03D3F91617FCC5DB00D8B63E /* SUTieView.m in Sources */ = {isa = PBXBuildFile; fileRef = 03D3F91517FCC5DB00D8B63E /* SUTieView.m */; };
		03D3F91817FCC5E600D8B63E /* TieView.xib in Resources */ = {isa = PBXBuildFile; fileRef = 03D3F91717FCC5E600D8B63E /* TieView.xib */; };
		03DD0CC6181C5AA300F7DB79 /* Accelerate.framework in Frameworks */ = {isa = PBXBuildFile; fileRef = 03DD0CC5181C5AA300F7DB79 /* Accelerate.framework */; };
		03DD0D75181C633500F7DB79 /* FBMissingSymbols.m in Sources */ = {isa = PBXBuildFile; fileRef = 03DD0D74181C633500F7DB79 /* FBMissingSymbols.m */; };
		03FCC27217FB491E00450057 /* Foundation.framework in Frameworks */ = {isa = PBXBuildFile; fileRef = 03FCC27117FB491E00450057 /* Foundation.framework */; };
		03FCC27417FB491E00450057 /* CoreGraphics.framework in Frameworks */ = {isa = PBXBuildFile; fileRef = 03FCC27317FB491E00450057 /* CoreGraphics.framework */; };
		03FCC27617FB491E00450057 /* UIKit.framework in Frameworks */ = {isa = PBXBuildFile; fileRef = 03FCC27517FB491E00450057 /* UIKit.framework */; };
		03FCC27C17FB491E00450057 /* InfoPlist.strings in Resources */ = {isa = PBXBuildFile; fileRef = 03FCC27A17FB491E00450057 /* InfoPlist.strings */; };
		03FCC27E17FB491E00450057 /* main.m in Sources */ = {isa = PBXBuildFile; fileRef = 03FCC27D17FB491E00450057 /* main.m */; };
		03FCC28217FB491E00450057 /* SUAppDelegate.m in Sources */ = {isa = PBXBuildFile; fileRef = 03FCC28117FB491E00450057 /* SUAppDelegate.m */; };
		03FCC28517FB491E00450057 /* Main.storyboard in Resources */ = {isa = PBXBuildFile; fileRef = 03FCC28317FB491E00450057 /* Main.storyboard */; };
		03FCC28817FB491E00450057 /* SUViewController.m in Sources */ = {isa = PBXBuildFile; fileRef = 03FCC28717FB491E00450057 /* SUViewController.m */; };
		03FCC28A17FB491E00450057 /* Images.xcassets in Resources */ = {isa = PBXBuildFile; fileRef = 03FCC28917FB491E00450057 /* Images.xcassets */; };
		03FCC29117FB491E00450057 /* XCTest.framework in Frameworks */ = {isa = PBXBuildFile; fileRef = 03FCC29017FB491E00450057 /* XCTest.framework */; };
		03FCC29217FB491E00450057 /* Foundation.framework in Frameworks */ = {isa = PBXBuildFile; fileRef = 03FCC27117FB491E00450057 /* Foundation.framework */; };
		03FCC29317FB491E00450057 /* UIKit.framework in Frameworks */ = {isa = PBXBuildFile; fileRef = 03FCC27517FB491E00450057 /* UIKit.framework */; };
		03FCC29B17FB491E00450057 /* InfoPlist.strings in Resources */ = {isa = PBXBuildFile; fileRef = 03FCC29917FB491E00450057 /* InfoPlist.strings */; };
		03FCC29D17FB491E00450057 /* Suit_UpTests.m in Sources */ = {isa = PBXBuildFile; fileRef = 03FCC29C17FB491E00450057 /* Suit_UpTests.m */; };
		03FCC2AC17FB49EE00450057 /* libz.dylib in Frameworks */ = {isa = PBXBuildFile; fileRef = 03FCC2AB17FB49EE00450057 /* libz.dylib */; };
		03FCC2B017FB4B7000450057 /* AudioToolbox.framework in Frameworks */ = {isa = PBXBuildFile; fileRef = 03FCC2AF17FB4B7000450057 /* AudioToolbox.framework */; };
		03FCC2B217FB4B7700450057 /* CFNetwork.framework in Frameworks */ = {isa = PBXBuildFile; fileRef = 03FCC2B117FB4B7700450057 /* CFNetwork.framework */; };
		03FCC2B417FB4B7C00450057 /* CoreLocation.framework in Frameworks */ = {isa = PBXBuildFile; fileRef = 03FCC2B317FB4B7C00450057 /* CoreLocation.framework */; };
		03FCC2B617FB4B8D00450057 /* libz.1.1.3.dylib in Frameworks */ = {isa = PBXBuildFile; fileRef = 03FCC2B517FB4B8D00450057 /* libz.1.1.3.dylib */; };
		03FCC2B817FB4B9100450057 /* MobileCoreServices.framework in Frameworks */ = {isa = PBXBuildFile; fileRef = 03FCC2B717FB4B9100450057 /* MobileCoreServices.framework */; };
		03FCC2BA17FB4B9600450057 /* QuartzCore.framework in Frameworks */ = {isa = PBXBuildFile; fileRef = 03FCC2B917FB4B9600450057 /* QuartzCore.framework */; };
		03FCC2BC17FB4B9C00450057 /* Security.framework in Frameworks */ = {isa = PBXBuildFile; fileRef = 03FCC2BB17FB4B9C00450057 /* Security.framework */; };
		03FCC2BE17FB4BA100450057 /* StoreKit.framework in Frameworks */ = {isa = PBXBuildFile; fileRef = 03FCC2BD17FB4BA100450057 /* StoreKit.framework */; };
		03FCC2C017FB4BA900450057 /* SystemConfiguration.framework in Frameworks */ = {isa = PBXBuildFile; fileRef = 03FCC2BF17FB4BA900450057 /* SystemConfiguration.framework */; };
		A86B1F6998C14730AE73B994 /* libPods.a in Frameworks */ = {isa = PBXBuildFile; fileRef = 85BF662795C64D29B698BD72 /* libPods.a */; };
/* End PBXBuildFile section */

/* Begin PBXContainerItemProxy section */
		03FCC29417FB491E00450057 /* PBXContainerItemProxy */ = {
			isa = PBXContainerItemProxy;
			containerPortal = 03FCC26617FB491E00450057 /* Project object */;
			proxyType = 1;
			remoteGlobalIDString = 03FCC26D17FB491E00450057;
			remoteInfo = "Suit Up";
		};
/* End PBXContainerItemProxy section */

/* Begin PBXFileReference section */
		031CF5B817FB60B70011D5F5 /* Parse.framework */ = {isa = PBXFileReference; lastKnownFileType = wrapper.framework; path = Parse.framework; sourceTree = "<group>"; };
		031CF5BA17FB63580011D5F5 /* Main35.storyboard */ = {isa = PBXFileReference; fileEncoding = 4; lastKnownFileType = file.storyboard; path = Main35.storyboard; sourceTree = "<group>"; };
		031CF5BC17FB7DCD0011D5F5 /* TestFlight.h */ = {isa = PBXFileReference; lastKnownFileType = sourcecode.c.h; path = TestFlight.h; sourceTree = "<group>"; };
		031CF5BD17FB7DCD0011D5F5 /* TestFlight+AsyncLogging.h */ = {isa = PBXFileReference; lastKnownFileType = sourcecode.c.h; path = "TestFlight+AsyncLogging.h"; sourceTree = "<group>"; };
		031CF5BE17FB7DCD0011D5F5 /* TestFlight+ManualSessions.h */ = {isa = PBXFileReference; lastKnownFileType = sourcecode.c.h; path = "TestFlight+ManualSessions.h"; sourceTree = "<group>"; };
		031CF5BF17FB7DD70011D5F5 /* libTestFlight.a */ = {isa = PBXFileReference; lastKnownFileType = archive.ar; path = libTestFlight.a; sourceTree = "<group>"; };
		03249F8F1856A04500D6280C /* SUCommentViewController.h */ = {isa = PBXFileReference; fileEncoding = 4; lastKnownFileType = sourcecode.c.h; path = SUCommentViewController.h; sourceTree = "<group>"; };
		03249F901856A04500D6280C /* SUCommentViewController.m */ = {isa = PBXFileReference; fileEncoding = 4; lastKnownFileType = sourcecode.c.objc; path = SUCommentViewController.m; sourceTree = "<group>"; };
		0327152D18BBBD060011FA10 /* Texture.csv */ = {isa = PBXFileReference; fileEncoding = 4; lastKnownFileType = text; path = Texture.csv; sourceTree = "<group>"; };
		033A4E321807BC1600CBECEB /* Colors.csv */ = {isa = PBXFileReference; fileEncoding = 4; lastKnownFileType = text; path = Colors.csv; sourceTree = "<group>"; };
		034EEA06182C542700568FC9 /* SuitModel.xcdatamodel */ = {isa = PBXFileReference; lastKnownFileType = wrapper.xcdatamodel; path = SuitModel.xcdatamodel; sourceTree = "<group>"; };
		034EEA0B182C551B00568FC9 /* SUOpenView.h */ = {isa = PBXFileReference; fileEncoding = 4; lastKnownFileType = sourcecode.c.h; path = SUOpenView.h; sourceTree = "<group>"; };
		034EEA0C182C551B00568FC9 /* SUOpenView.m */ = {isa = PBXFileReference; fileEncoding = 4; lastKnownFileType = sourcecode.c.objc; path = SUOpenView.m; sourceTree = "<group>"; };
		034EEA0E182C553000568FC9 /* OpenView.xib */ = {isa = PBXFileReference; fileEncoding = 4; lastKnownFileType = file.xib; path = OpenView.xib; sourceTree = "<group>"; };
		036BFCAC181C2ACB0037C1A8 /* TJSpinner.h */ = {isa = PBXFileReference; fileEncoding = 4; lastKnownFileType = sourcecode.c.h; path = TJSpinner.h; sourceTree = "<group>"; };
		036BFCAD181C2ACB0037C1A8 /* TJSpinner.m */ = {isa = PBXFileReference; fileEncoding = 4; lastKnownFileType = sourcecode.c.objc; path = TJSpinner.m; sourceTree = "<group>"; };
		036BFCB7181C33310037C1A8 /* JKPopup.h */ = {isa = PBXFileReference; fileEncoding = 4; lastKnownFileType = sourcecode.c.h; path = JKPopup.h; sourceTree = "<group>"; };
		036BFCB8181C33310037C1A8 /* JKPopup.m */ = {isa = PBXFileReference; fileEncoding = 4; lastKnownFileType = sourcecode.c.objc; path = JKPopup.m; sourceTree = "<group>"; };
		036BFCB9181C33310037C1A8 /* JKProgressHUD.h */ = {isa = PBXFileReference; fileEncoding = 4; lastKnownFileType = sourcecode.c.h; path = JKProgressHUD.h; sourceTree = "<group>"; };
		036BFCBA181C33310037C1A8 /* JKProgressHUD.m */ = {isa = PBXFileReference; fileEncoding = 4; lastKnownFileType = sourcecode.c.objc; path = JKProgressHUD.m; sourceTree = "<group>"; };
		036BFCBD181C51AC0037C1A8 /* SURatingPopup.h */ = {isa = PBXFileReference; fileEncoding = 4; lastKnownFileType = sourcecode.c.h; path = SURatingPopup.h; sourceTree = "<group>"; };
		036BFCBE181C51AC0037C1A8 /* SURatingPopup.m */ = {isa = PBXFileReference; fileEncoding = 4; lastKnownFileType = sourcecode.c.objc; path = SURatingPopup.m; sourceTree = "<group>"; };
		036EF3C917FCEBCF009C8CF2 /* SUSuitView.h */ = {isa = PBXFileReference; fileEncoding = 4; lastKnownFileType = sourcecode.c.h; path = SUSuitView.h; sourceTree = "<group>"; };
		036EF3CA17FCEBCF009C8CF2 /* SUSuitView.m */ = {isa = PBXFileReference; fileEncoding = 4; lastKnownFileType = sourcecode.c.objc; path = SUSuitView.m; sourceTree = "<group>"; };
		03921FC6187A0ABC004F7BEA /* Suit.h */ = {isa = PBXFileReference; fileEncoding = 4; lastKnownFileType = sourcecode.c.h; path = Suit.h; sourceTree = "<group>"; };
		03921FC7187A0ABC004F7BEA /* Suit.m */ = {isa = PBXFileReference; fileEncoding = 4; lastKnownFileType = sourcecode.c.objc; path = Suit.m; sourceTree = "<group>"; };
		03AA66B918BAF7920022034F /* Parse.framework */ = {isa = PBXFileReference; lastKnownFileType = wrapper.framework; path = Parse.framework; sourceTree = "<group>"; };
		03AA66BB18BAF7B80022034F /* libCorePlot-CocoaTouch.a */ = {isa = PBXFileReference; lastKnownFileType = archive.ar; path = "libCorePlot-CocoaTouch.a"; sourceTree = "<group>"; };
		03AA66BE18BAF7CA0022034F /* CorePlot-CocoaTouch.h */ = {isa = PBXFileReference; fileEncoding = 4; lastKnownFileType = sourcecode.c.h; path = "CorePlot-CocoaTouch.h"; sourceTree = "<group>"; };
		03AA66BF18BAF7CA0022034F /* CPTAnimation.h */ = {isa = PBXFileReference; fileEncoding = 4; lastKnownFileType = sourcecode.c.h; path = CPTAnimation.h; sourceTree = "<group>"; };
		03AA66C018BAF7CA0022034F /* CPTAnimationOperation.h */ = {isa = PBXFileReference; fileEncoding = 4; lastKnownFileType = sourcecode.c.h; path = CPTAnimationOperation.h; sourceTree = "<group>"; };
		03AA66C118BAF7CA0022034F /* CPTAnimationPeriod.h */ = {isa = PBXFileReference; fileEncoding = 4; lastKnownFileType = sourcecode.c.h; path = CPTAnimationPeriod.h; sourceTree = "<group>"; };
		03AA66C218BAF7CA0022034F /* CPTAnnotation.h */ = {isa = PBXFileReference; fileEncoding = 4; lastKnownFileType = sourcecode.c.h; path = CPTAnnotation.h; sourceTree = "<group>"; };
		03AA66C318BAF7CA0022034F /* CPTAnnotationHostLayer.h */ = {isa = PBXFileReference; fileEncoding = 4; lastKnownFileType = sourcecode.c.h; path = CPTAnnotationHostLayer.h; sourceTree = "<group>"; };
		03AA66C418BAF7CA0022034F /* CPTAxis.h */ = {isa = PBXFileReference; fileEncoding = 4; lastKnownFileType = sourcecode.c.h; path = CPTAxis.h; sourceTree = "<group>"; };
		03AA66C518BAF7CA0022034F /* CPTAxisLabel.h */ = {isa = PBXFileReference; fileEncoding = 4; lastKnownFileType = sourcecode.c.h; path = CPTAxisLabel.h; sourceTree = "<group>"; };
		03AA66C618BAF7CA0022034F /* CPTAxisLabelGroup.h */ = {isa = PBXFileReference; fileEncoding = 4; lastKnownFileType = sourcecode.c.h; path = CPTAxisLabelGroup.h; sourceTree = "<group>"; };
		03AA66C718BAF7CA0022034F /* CPTAxisSet.h */ = {isa = PBXFileReference; fileEncoding = 4; lastKnownFileType = sourcecode.c.h; path = CPTAxisSet.h; sourceTree = "<group>"; };
		03AA66C818BAF7CA0022034F /* CPTAxisTitle.h */ = {isa = PBXFileReference; fileEncoding = 4; lastKnownFileType = sourcecode.c.h; path = CPTAxisTitle.h; sourceTree = "<group>"; };
		03AA66C918BAF7CA0022034F /* CPTBarPlot.h */ = {isa = PBXFileReference; fileEncoding = 4; lastKnownFileType = sourcecode.c.h; path = CPTBarPlot.h; sourceTree = "<group>"; };
		03AA66CA18BAF7CA0022034F /* CPTBorderedLayer.h */ = {isa = PBXFileReference; fileEncoding = 4; lastKnownFileType = sourcecode.c.h; path = CPTBorderedLayer.h; sourceTree = "<group>"; };
		03AA66CB18BAF7CA0022034F /* CPTCalendarFormatter.h */ = {isa = PBXFileReference; fileEncoding = 4; lastKnownFileType = sourcecode.c.h; path = CPTCalendarFormatter.h; sourceTree = "<group>"; };
		03AA66CC18BAF7CA0022034F /* CPTColor.h */ = {isa = PBXFileReference; fileEncoding = 4; lastKnownFileType = sourcecode.c.h; path = CPTColor.h; sourceTree = "<group>"; };
		03AA66CD18BAF7CA0022034F /* CPTColorSpace.h */ = {isa = PBXFileReference; fileEncoding = 4; lastKnownFileType = sourcecode.c.h; path = CPTColorSpace.h; sourceTree = "<group>"; };
		03AA66CE18BAF7CA0022034F /* CPTConstraints.h */ = {isa = PBXFileReference; fileEncoding = 4; lastKnownFileType = sourcecode.c.h; path = CPTConstraints.h; sourceTree = "<group>"; };
		03AA66CF18BAF7CA0022034F /* CPTDataSourceTestCase.h */ = {isa = PBXFileReference; fileEncoding = 4; lastKnownFileType = sourcecode.c.h; path = CPTDataSourceTestCase.h; sourceTree = "<group>"; };
		03AA66D018BAF7CA0022034F /* CPTDefinitions.h */ = {isa = PBXFileReference; fileEncoding = 4; lastKnownFileType = sourcecode.c.h; path = CPTDefinitions.h; sourceTree = "<group>"; };
		03AA66D118BAF7CA0022034F /* CPTDerivedXYGraph.h */ = {isa = PBXFileReference; fileEncoding = 4; lastKnownFileType = sourcecode.c.h; path = CPTDerivedXYGraph.h; sourceTree = "<group>"; };
		03AA66D218BAF7CA0022034F /* CPTExceptions.h */ = {isa = PBXFileReference; fileEncoding = 4; lastKnownFileType = sourcecode.c.h; path = CPTExceptions.h; sourceTree = "<group>"; };
		03AA66D318BAF7CA0022034F /* CPTFill.h */ = {isa = PBXFileReference; fileEncoding = 4; lastKnownFileType = sourcecode.c.h; path = CPTFill.h; sourceTree = "<group>"; };
		03AA66D418BAF7CA0022034F /* CPTFunctionDataSource.h */ = {isa = PBXFileReference; fileEncoding = 4; lastKnownFileType = sourcecode.c.h; path = CPTFunctionDataSource.h; sourceTree = "<group>"; };
		03AA66D518BAF7CA0022034F /* CPTGradient.h */ = {isa = PBXFileReference; fileEncoding = 4; lastKnownFileType = sourcecode.c.h; path = CPTGradient.h; sourceTree = "<group>"; };
		03AA66D618BAF7CA0022034F /* CPTGraph.h */ = {isa = PBXFileReference; fileEncoding = 4; lastKnownFileType = sourcecode.c.h; path = CPTGraph.h; sourceTree = "<group>"; };
		03AA66D718BAF7CA0022034F /* CPTGraphHostingView.h */ = {isa = PBXFileReference; fileEncoding = 4; lastKnownFileType = sourcecode.c.h; path = CPTGraphHostingView.h; sourceTree = "<group>"; };
		03AA66D818BAF7CA0022034F /* CPTGridLineGroup.h */ = {isa = PBXFileReference; fileEncoding = 4; lastKnownFileType = sourcecode.c.h; path = CPTGridLineGroup.h; sourceTree = "<group>"; };
		03AA66D918BAF7CA0022034F /* CPTGridLines.h */ = {isa = PBXFileReference; fileEncoding = 4; lastKnownFileType = sourcecode.c.h; path = CPTGridLines.h; sourceTree = "<group>"; };
		03AA66DA18BAF7CA0022034F /* CPTImage.h */ = {isa = PBXFileReference; fileEncoding = 4; lastKnownFileType = sourcecode.c.h; path = CPTImage.h; sourceTree = "<group>"; };
		03AA66DB18BAF7CA0022034F /* CPTLayer.h */ = {isa = PBXFileReference; fileEncoding = 4; lastKnownFileType = sourcecode.c.h; path = CPTLayer.h; sourceTree = "<group>"; };
		03AA66DC18BAF7CA0022034F /* CPTLayerAnnotation.h */ = {isa = PBXFileReference; fileEncoding = 4; lastKnownFileType = sourcecode.c.h; path = CPTLayerAnnotation.h; sourceTree = "<group>"; };
		03AA66DD18BAF7CA0022034F /* CPTLegend.h */ = {isa = PBXFileReference; fileEncoding = 4; lastKnownFileType = sourcecode.c.h; path = CPTLegend.h; sourceTree = "<group>"; };
		03AA66DE18BAF7CA0022034F /* CPTLegendEntry.h */ = {isa = PBXFileReference; fileEncoding = 4; lastKnownFileType = sourcecode.c.h; path = CPTLegendEntry.h; sourceTree = "<group>"; };
		03AA66DF18BAF7CA0022034F /* CPTLimitBand.h */ = {isa = PBXFileReference; fileEncoding = 4; lastKnownFileType = sourcecode.c.h; path = CPTLimitBand.h; sourceTree = "<group>"; };
		03AA66E018BAF7CA0022034F /* CPTLineCap.h */ = {isa = PBXFileReference; fileEncoding = 4; lastKnownFileType = sourcecode.c.h; path = CPTLineCap.h; sourceTree = "<group>"; };
		03AA66E118BAF7CA0022034F /* CPTLineStyle.h */ = {isa = PBXFileReference; fileEncoding = 4; lastKnownFileType = sourcecode.c.h; path = CPTLineStyle.h; sourceTree = "<group>"; };
		03AA66E218BAF7CA0022034F /* CPTMutableLineStyle.h */ = {isa = PBXFileReference; fileEncoding = 4; lastKnownFileType = sourcecode.c.h; path = CPTMutableLineStyle.h; sourceTree = "<group>"; };
		03AA66E318BAF7CA0022034F /* CPTMutableNumericData+TypeConversion.h */ = {isa = PBXFileReference; fileEncoding = 4; lastKnownFileType = sourcecode.c.h; path = "CPTMutableNumericData+TypeConversion.h"; sourceTree = "<group>"; };
		03AA66E418BAF7CA0022034F /* CPTMutableNumericData.h */ = {isa = PBXFileReference; fileEncoding = 4; lastKnownFileType = sourcecode.c.h; path = CPTMutableNumericData.h; sourceTree = "<group>"; };
		03AA66E518BAF7CA0022034F /* CPTMutablePlotRange.h */ = {isa = PBXFileReference; fileEncoding = 4; lastKnownFileType = sourcecode.c.h; path = CPTMutablePlotRange.h; sourceTree = "<group>"; };
		03AA66E618BAF7CA0022034F /* CPTMutableShadow.h */ = {isa = PBXFileReference; fileEncoding = 4; lastKnownFileType = sourcecode.c.h; path = CPTMutableShadow.h; sourceTree = "<group>"; };
		03AA66E718BAF7CA0022034F /* CPTMutableTextStyle.h */ = {isa = PBXFileReference; fileEncoding = 4; lastKnownFileType = sourcecode.c.h; path = CPTMutableTextStyle.h; sourceTree = "<group>"; };
		03AA66E818BAF7CA0022034F /* CPTNumericData+TypeConversion.h */ = {isa = PBXFileReference; fileEncoding = 4; lastKnownFileType = sourcecode.c.h; path = "CPTNumericData+TypeConversion.h"; sourceTree = "<group>"; };
		03AA66E918BAF7CA0022034F /* CPTNumericData.h */ = {isa = PBXFileReference; fileEncoding = 4; lastKnownFileType = sourcecode.c.h; path = CPTNumericData.h; sourceTree = "<group>"; };
		03AA66EA18BAF7CA0022034F /* CPTNumericDataType.h */ = {isa = PBXFileReference; fileEncoding = 4; lastKnownFileType = sourcecode.c.h; path = CPTNumericDataType.h; sourceTree = "<group>"; };
		03AA66EB18BAF7CA0022034F /* CPTPathExtensions.h */ = {isa = PBXFileReference; fileEncoding = 4; lastKnownFileType = sourcecode.c.h; path = CPTPathExtensions.h; sourceTree = "<group>"; };
		03AA66EC18BAF7CA0022034F /* CPTPieChart.h */ = {isa = PBXFileReference; fileEncoding = 4; lastKnownFileType = sourcecode.c.h; path = CPTPieChart.h; sourceTree = "<group>"; };
		03AA66ED18BAF7CA0022034F /* CPTPlatformSpecificCategories.h */ = {isa = PBXFileReference; fileEncoding = 4; lastKnownFileType = sourcecode.c.h; path = CPTPlatformSpecificCategories.h; sourceTree = "<group>"; };
		03AA66EE18BAF7CA0022034F /* CPTPlatformSpecificDefines.h */ = {isa = PBXFileReference; fileEncoding = 4; lastKnownFileType = sourcecode.c.h; path = CPTPlatformSpecificDefines.h; sourceTree = "<group>"; };
		03AA66EF18BAF7CA0022034F /* CPTPlatformSpecificFunctions.h */ = {isa = PBXFileReference; fileEncoding = 4; lastKnownFileType = sourcecode.c.h; path = CPTPlatformSpecificFunctions.h; sourceTree = "<group>"; };
		03AA66F018BAF7CA0022034F /* CPTPlot.h */ = {isa = PBXFileReference; fileEncoding = 4; lastKnownFileType = sourcecode.c.h; path = CPTPlot.h; sourceTree = "<group>"; };
		03AA66F118BAF7CA0022034F /* CPTPlotArea.h */ = {isa = PBXFileReference; fileEncoding = 4; lastKnownFileType = sourcecode.c.h; path = CPTPlotArea.h; sourceTree = "<group>"; };
		03AA66F218BAF7CA0022034F /* CPTPlotAreaFrame.h */ = {isa = PBXFileReference; fileEncoding = 4; lastKnownFileType = sourcecode.c.h; path = CPTPlotAreaFrame.h; sourceTree = "<group>"; };
		03AA66F318BAF7CA0022034F /* CPTPlotGroup.h */ = {isa = PBXFileReference; fileEncoding = 4; lastKnownFileType = sourcecode.c.h; path = CPTPlotGroup.h; sourceTree = "<group>"; };
		03AA66F418BAF7CA0022034F /* CPTPlotRange.h */ = {isa = PBXFileReference; fileEncoding = 4; lastKnownFileType = sourcecode.c.h; path = CPTPlotRange.h; sourceTree = "<group>"; };
		03AA66F518BAF7CA0022034F /* CPTPlotSpace.h */ = {isa = PBXFileReference; fileEncoding = 4; lastKnownFileType = sourcecode.c.h; path = CPTPlotSpace.h; sourceTree = "<group>"; };
		03AA66F618BAF7CA0022034F /* CPTPlotSpaceAnnotation.h */ = {isa = PBXFileReference; fileEncoding = 4; lastKnownFileType = sourcecode.c.h; path = CPTPlotSpaceAnnotation.h; sourceTree = "<group>"; };
		03AA66F718BAF7CA0022034F /* CPTPlotSymbol.h */ = {isa = PBXFileReference; fileEncoding = 4; lastKnownFileType = sourcecode.c.h; path = CPTPlotSymbol.h; sourceTree = "<group>"; };
		03AA66F818BAF7CA0022034F /* CPTRangePlot.h */ = {isa = PBXFileReference; fileEncoding = 4; lastKnownFileType = sourcecode.c.h; path = CPTRangePlot.h; sourceTree = "<group>"; };
		03AA66F918BAF7CA0022034F /* CPTResponder.h */ = {isa = PBXFileReference; fileEncoding = 4; lastKnownFileType = sourcecode.c.h; path = CPTResponder.h; sourceTree = "<group>"; };
		03AA66FA18BAF7CA0022034F /* CPTScatterPlot.h */ = {isa = PBXFileReference; fileEncoding = 4; lastKnownFileType = sourcecode.c.h; path = CPTScatterPlot.h; sourceTree = "<group>"; };
		03AA66FB18BAF7CA0022034F /* CPTShadow.h */ = {isa = PBXFileReference; fileEncoding = 4; lastKnownFileType = sourcecode.c.h; path = CPTShadow.h; sourceTree = "<group>"; };
		03AA66FC18BAF7CA0022034F /* CPTTestCase.h */ = {isa = PBXFileReference; fileEncoding = 4; lastKnownFileType = sourcecode.c.h; path = CPTTestCase.h; sourceTree = "<group>"; };
		03AA66FD18BAF7CA0022034F /* CPTTextLayer.h */ = {isa = PBXFileReference; fileEncoding = 4; lastKnownFileType = sourcecode.c.h; path = CPTTextLayer.h; sourceTree = "<group>"; };
		03AA66FE18BAF7CA0022034F /* CPTTextStyle.h */ = {isa = PBXFileReference; fileEncoding = 4; lastKnownFileType = sourcecode.c.h; path = CPTTextStyle.h; sourceTree = "<group>"; };
		03AA66FF18BAF7CA0022034F /* CPTTextStylePlatformSpecific.h */ = {isa = PBXFileReference; fileEncoding = 4; lastKnownFileType = sourcecode.c.h; path = CPTTextStylePlatformSpecific.h; sourceTree = "<group>"; };
		03AA670018BAF7CA0022034F /* CPTTheme.h */ = {isa = PBXFileReference; fileEncoding = 4; lastKnownFileType = sourcecode.c.h; path = CPTTheme.h; sourceTree = "<group>"; };
		03AA670118BAF7CA0022034F /* CPTTimeFormatter.h */ = {isa = PBXFileReference; fileEncoding = 4; lastKnownFileType = sourcecode.c.h; path = CPTTimeFormatter.h; sourceTree = "<group>"; };
		03AA670218BAF7CA0022034F /* CPTTradingRangePlot.h */ = {isa = PBXFileReference; fileEncoding = 4; lastKnownFileType = sourcecode.c.h; path = CPTTradingRangePlot.h; sourceTree = "<group>"; };
		03AA670318BAF7CA0022034F /* CPTUtilities.h */ = {isa = PBXFileReference; fileEncoding = 4; lastKnownFileType = sourcecode.c.h; path = CPTUtilities.h; sourceTree = "<group>"; };
		03AA670418BAF7CA0022034F /* CPTXYAxis.h */ = {isa = PBXFileReference; fileEncoding = 4; lastKnownFileType = sourcecode.c.h; path = CPTXYAxis.h; sourceTree = "<group>"; };
		03AA670518BAF7CA0022034F /* CPTXYAxisSet.h */ = {isa = PBXFileReference; fileEncoding = 4; lastKnownFileType = sourcecode.c.h; path = CPTXYAxisSet.h; sourceTree = "<group>"; };
		03AA670618BAF7CA0022034F /* CPTXYGraph.h */ = {isa = PBXFileReference; fileEncoding = 4; lastKnownFileType = sourcecode.c.h; path = CPTXYGraph.h; sourceTree = "<group>"; };
		03AA670718BAF7CA0022034F /* CPTXYPlotSpace.h */ = {isa = PBXFileReference; fileEncoding = 4; lastKnownFileType = sourcecode.c.h; path = CPTXYPlotSpace.h; sourceTree = "<group>"; };
		03AA670818BAF7CA0022034F /* mainpage.h */ = {isa = PBXFileReference; fileEncoding = 4; lastKnownFileType = sourcecode.c.h; path = mainpage.h; sourceTree = "<group>"; };
		03AA670918BAF7CA0022034F /* NSCoderExtensions.h */ = {isa = PBXFileReference; fileEncoding = 4; lastKnownFileType = sourcecode.c.h; path = NSCoderExtensions.h; sourceTree = "<group>"; };
		03AA670A18BAF7CA0022034F /* NSDecimalNumberExtensions.h */ = {isa = PBXFileReference; fileEncoding = 4; lastKnownFileType = sourcecode.c.h; path = NSDecimalNumberExtensions.h; sourceTree = "<group>"; };
		03AA670B18BAF7CA0022034F /* NSNumberExtensions.h */ = {isa = PBXFileReference; fileEncoding = 4; lastKnownFileType = sourcecode.c.h; path = NSNumberExtensions.h; sourceTree = "<group>"; };
		03ACD1E918079A6800845CC0 /* CSVParser.h */ = {isa = PBXFileReference; fileEncoding = 4; lastKnownFileType = sourcecode.c.h; path = CSVParser.h; sourceTree = "<group>"; };
		03ACD1EA18079A6800845CC0 /* CSVParser.m */ = {isa = PBXFileReference; fileEncoding = 4; lastKnownFileType = sourcecode.c.objc; path = CSVParser.m; sourceTree = "<group>"; };
		03D3F90517FCC59100D8B63E /* SuitView.xib */ = {isa = PBXFileReference; fileEncoding = 4; lastKnownFileType = file.xib; path = SuitView.xib; sourceTree = "<group>"; };
		03D3F90A17FCC5AF00D8B63E /* SUShirtView.h */ = {isa = PBXFileReference; fileEncoding = 4; lastKnownFileType = sourcecode.c.h; path = SUShirtView.h; sourceTree = "<group>"; };
		03D3F90B17FCC5AF00D8B63E /* SUShirtView.m */ = {isa = PBXFileReference; fileEncoding = 4; lastKnownFileType = sourcecode.c.objc; path = SUShirtView.m; sourceTree = "<group>"; };
		03D3F90D17FCC5BD00D8B63E /* ShirtView.xib */ = {isa = PBXFileReference; fileEncoding = 4; lastKnownFileType = file.xib; path = ShirtView.xib; sourceTree = "<group>"; };
		03D3F90F17FCC5C800D8B63E /* ShoesView.xib */ = {isa = PBXFileReference; fileEncoding = 4; lastKnownFileType = file.xib; path = ShoesView.xib; sourceTree = "<group>"; };
		03D3F91117FCC5D200D8B63E /* SUShoesView.h */ = {isa = PBXFileReference; fileEncoding = 4; lastKnownFileType = sourcecode.c.h; path = SUShoesView.h; sourceTree = "<group>"; };
		03D3F91217FCC5D200D8B63E /* SUShoesView.m */ = {isa = PBXFileReference; fileEncoding = 4; lastKnownFileType = sourcecode.c.objc; path = SUShoesView.m; sourceTree = "<group>"; };
		03D3F91417FCC5DB00D8B63E /* SUTieView.h */ = {isa = PBXFileReference; fileEncoding = 4; lastKnownFileType = sourcecode.c.h; path = SUTieView.h; sourceTree = "<group>"; };
		03D3F91517FCC5DB00D8B63E /* SUTieView.m */ = {isa = PBXFileReference; fileEncoding = 4; lastKnownFileType = sourcecode.c.objc; path = SUTieView.m; sourceTree = "<group>"; };
		03D3F91717FCC5E600D8B63E /* TieView.xib */ = {isa = PBXFileReference; fileEncoding = 4; lastKnownFileType = file.xib; path = TieView.xib; sourceTree = "<group>"; };
		03DD0CC5181C5AA300F7DB79 /* Accelerate.framework */ = {isa = PBXFileReference; lastKnownFileType = wrapper.framework; name = Accelerate.framework; path = System/Library/Frameworks/Accelerate.framework; sourceTree = SDKROOT; };
		03DD0D74181C633500F7DB79 /* FBMissingSymbols.m */ = {isa = PBXFileReference; fileEncoding = 4; lastKnownFileType = sourcecode.c.objc; path = FBMissingSymbols.m; sourceTree = "<group>"; };
		03FCC26E17FB491E00450057 /* Suit Up.app */ = {isa = PBXFileReference; explicitFileType = wrapper.application; includeInIndex = 0; path = "Suit Up.app"; sourceTree = BUILT_PRODUCTS_DIR; };
		03FCC27117FB491E00450057 /* Foundation.framework */ = {isa = PBXFileReference; lastKnownFileType = wrapper.framework; name = Foundation.framework; path = System/Library/Frameworks/Foundation.framework; sourceTree = SDKROOT; };
		03FCC27317FB491E00450057 /* CoreGraphics.framework */ = {isa = PBXFileReference; lastKnownFileType = wrapper.framework; name = CoreGraphics.framework; path = System/Library/Frameworks/CoreGraphics.framework; sourceTree = SDKROOT; };
		03FCC27517FB491E00450057 /* UIKit.framework */ = {isa = PBXFileReference; lastKnownFileType = wrapper.framework; name = UIKit.framework; path = System/Library/Frameworks/UIKit.framework; sourceTree = SDKROOT; };
		03FCC27917FB491E00450057 /* Suit Up-Info.plist */ = {isa = PBXFileReference; lastKnownFileType = text.plist.xml; path = "Suit Up-Info.plist"; sourceTree = "<group>"; };
		03FCC27B17FB491E00450057 /* en */ = {isa = PBXFileReference; lastKnownFileType = text.plist.strings; name = en; path = en.lproj/InfoPlist.strings; sourceTree = "<group>"; };
		03FCC27D17FB491E00450057 /* main.m */ = {isa = PBXFileReference; lastKnownFileType = sourcecode.c.objc; path = main.m; sourceTree = "<group>"; };
		03FCC27F17FB491E00450057 /* Suit Up-Prefix.pch */ = {isa = PBXFileReference; lastKnownFileType = sourcecode.c.h; path = "Suit Up-Prefix.pch"; sourceTree = "<group>"; };
		03FCC28017FB491E00450057 /* SUAppDelegate.h */ = {isa = PBXFileReference; lastKnownFileType = sourcecode.c.h; path = SUAppDelegate.h; sourceTree = "<group>"; };
		03FCC28117FB491E00450057 /* SUAppDelegate.m */ = {isa = PBXFileReference; lastKnownFileType = sourcecode.c.objc; path = SUAppDelegate.m; sourceTree = "<group>"; };
		03FCC28417FB491E00450057 /* Base */ = {isa = PBXFileReference; lastKnownFileType = file.storyboard; name = Base; path = Base.lproj/Main.storyboard; sourceTree = "<group>"; };
		03FCC28617FB491E00450057 /* SUViewController.h */ = {isa = PBXFileReference; lastKnownFileType = sourcecode.c.h; path = SUViewController.h; sourceTree = "<group>"; };
		03FCC28717FB491E00450057 /* SUViewController.m */ = {isa = PBXFileReference; lastKnownFileType = sourcecode.c.objc; path = SUViewController.m; sourceTree = "<group>"; };
		03FCC28917FB491E00450057 /* Images.xcassets */ = {isa = PBXFileReference; lastKnownFileType = folder.assetcatalog; path = Images.xcassets; sourceTree = "<group>"; };
		03FCC28F17FB491E00450057 /* Suit UpTests.xctest */ = {isa = PBXFileReference; explicitFileType = wrapper.cfbundle; includeInIndex = 0; path = "Suit UpTests.xctest"; sourceTree = BUILT_PRODUCTS_DIR; };
		03FCC29017FB491E00450057 /* XCTest.framework */ = {isa = PBXFileReference; lastKnownFileType = wrapper.framework; name = XCTest.framework; path = Library/Frameworks/XCTest.framework; sourceTree = DEVELOPER_DIR; };
		03FCC29817FB491E00450057 /* Suit UpTests-Info.plist */ = {isa = PBXFileReference; lastKnownFileType = text.plist.xml; path = "Suit UpTests-Info.plist"; sourceTree = "<group>"; };
		03FCC29A17FB491E00450057 /* en */ = {isa = PBXFileReference; lastKnownFileType = text.plist.strings; name = en; path = en.lproj/InfoPlist.strings; sourceTree = "<group>"; };
		03FCC29C17FB491E00450057 /* Suit_UpTests.m */ = {isa = PBXFileReference; lastKnownFileType = sourcecode.c.objc; path = Suit_UpTests.m; sourceTree = "<group>"; };
		03FCC2AB17FB49EE00450057 /* libz.dylib */ = {isa = PBXFileReference; lastKnownFileType = "compiled.mach-o.dylib"; name = libz.dylib; path = usr/lib/libz.dylib; sourceTree = SDKROOT; };
		03FCC2AF17FB4B7000450057 /* AudioToolbox.framework */ = {isa = PBXFileReference; lastKnownFileType = wrapper.framework; name = AudioToolbox.framework; path = System/Library/Frameworks/AudioToolbox.framework; sourceTree = SDKROOT; };
		03FCC2B117FB4B7700450057 /* CFNetwork.framework */ = {isa = PBXFileReference; lastKnownFileType = wrapper.framework; name = CFNetwork.framework; path = System/Library/Frameworks/CFNetwork.framework; sourceTree = SDKROOT; };
		03FCC2B317FB4B7C00450057 /* CoreLocation.framework */ = {isa = PBXFileReference; lastKnownFileType = wrapper.framework; name = CoreLocation.framework; path = System/Library/Frameworks/CoreLocation.framework; sourceTree = SDKROOT; };
		03FCC2B517FB4B8D00450057 /* libz.1.1.3.dylib */ = {isa = PBXFileReference; lastKnownFileType = "compiled.mach-o.dylib"; name = libz.1.1.3.dylib; path = usr/lib/libz.1.1.3.dylib; sourceTree = SDKROOT; };
		03FCC2B717FB4B9100450057 /* MobileCoreServices.framework */ = {isa = PBXFileReference; lastKnownFileType = wrapper.framework; name = MobileCoreServices.framework; path = System/Library/Frameworks/MobileCoreServices.framework; sourceTree = SDKROOT; };
		03FCC2B917FB4B9600450057 /* QuartzCore.framework */ = {isa = PBXFileReference; lastKnownFileType = wrapper.framework; name = QuartzCore.framework; path = System/Library/Frameworks/QuartzCore.framework; sourceTree = SDKROOT; };
		03FCC2BB17FB4B9C00450057 /* Security.framework */ = {isa = PBXFileReference; lastKnownFileType = wrapper.framework; name = Security.framework; path = System/Library/Frameworks/Security.framework; sourceTree = SDKROOT; };
		03FCC2BD17FB4BA100450057 /* StoreKit.framework */ = {isa = PBXFileReference; lastKnownFileType = wrapper.framework; name = StoreKit.framework; path = System/Library/Frameworks/StoreKit.framework; sourceTree = SDKROOT; };
		03FCC2BF17FB4BA900450057 /* SystemConfiguration.framework */ = {isa = PBXFileReference; lastKnownFileType = wrapper.framework; name = SystemConfiguration.framework; path = System/Library/Frameworks/SystemConfiguration.framework; sourceTree = SDKROOT; };
		03FCC2C117FB4E1D00450057 /* Suit Up.entitlements */ = {isa = PBXFileReference; lastKnownFileType = text.xml; name = "Suit Up.entitlements"; path = "Suit Up/Suit Up.entitlements"; sourceTree = "<group>"; };
		331E0A4845714439AC0DCA4F /* Pods.xcconfig */ = {isa = PBXFileReference; includeInIndex = 1; lastKnownFileType = text.xcconfig; name = Pods.xcconfig; path = Pods/Pods.xcconfig; sourceTree = "<group>"; };
		85BF662795C64D29B698BD72 /* libPods.a */ = {isa = PBXFileReference; explicitFileType = archive.ar; includeInIndex = 0; path = libPods.a; sourceTree = BUILT_PRODUCTS_DIR; };
/* End PBXFileReference section */

/* Begin PBXFrameworksBuildPhase section */
		03FCC26B17FB491E00450057 /* Frameworks */ = {
			isa = PBXFrameworksBuildPhase;
			buildActionMask = 2147483647;
			files = (
				03DD0CC6181C5AA300F7DB79 /* Accelerate.framework in Frameworks */,
				031CF5C017FB7DD70011D5F5 /* libTestFlight.a in Frameworks */,
				03FCC2C017FB4BA900450057 /* SystemConfiguration.framework in Frameworks */,
				03FCC2BE17FB4BA100450057 /* StoreKit.framework in Frameworks */,
				03FCC2BC17FB4B9C00450057 /* Security.framework in Frameworks */,
				03FCC2BA17FB4B9600450057 /* QuartzCore.framework in Frameworks */,
				031CF5B917FB60B70011D5F5 /* Parse.framework in Frameworks */,
				03FCC2B817FB4B9100450057 /* MobileCoreServices.framework in Frameworks */,
				03FCC2B617FB4B8D00450057 /* libz.1.1.3.dylib in Frameworks */,
				03FCC27417FB491E00450057 /* CoreGraphics.framework in Frameworks */,
				03FCC2B417FB4B7C00450057 /* CoreLocation.framework in Frameworks */,
				03FCC2B217FB4B7700450057 /* CFNetwork.framework in Frameworks */,
				03AA66BA18BAF7920022034F /* Parse.framework in Frameworks */,
				03FCC2B017FB4B7000450057 /* AudioToolbox.framework in Frameworks */,
				03FCC2AC17FB49EE00450057 /* libz.dylib in Frameworks */,
				03FCC27617FB491E00450057 /* UIKit.framework in Frameworks */,
				03FCC27217FB491E00450057 /* Foundation.framework in Frameworks */,
				A86B1F6998C14730AE73B994 /* libPods.a in Frameworks */,
				03AA66BC18BAF7B80022034F /* libCorePlot-CocoaTouch.a in Frameworks */,
			);
			runOnlyForDeploymentPostprocessing = 0;
		};
		03FCC28C17FB491E00450057 /* Frameworks */ = {
			isa = PBXFrameworksBuildPhase;
			buildActionMask = 2147483647;
			files = (
				03FCC29117FB491E00450057 /* XCTest.framework in Frameworks */,
				03FCC29317FB491E00450057 /* UIKit.framework in Frameworks */,
				03FCC29217FB491E00450057 /* Foundation.framework in Frameworks */,
			);
			runOnlyForDeploymentPostprocessing = 0;
		};
/* End PBXFrameworksBuildPhase section */

/* Begin PBXGroup section */
		034EEA04182C53FB00568FC9 /* Open */ = {
			isa = PBXGroup;
			children = (
				034EEA05182C542700568FC9 /* SuitModel.xcdatamodeld */,
				03921FC6187A0ABC004F7BEA /* Suit.h */,
				03921FC7187A0ABC004F7BEA /* Suit.m */,
				034EEA0B182C551B00568FC9 /* SUOpenView.h */,
				034EEA0C182C551B00568FC9 /* SUOpenView.m */,
				034EEA0E182C553000568FC9 /* OpenView.xib */,
			);
			name = Open;
			sourceTree = "<group>";
		};
		036BFCAF181C2AD20037C1A8 /* PopUp */ = {
			isa = PBXGroup;
			children = (
				036BFCB7181C33310037C1A8 /* JKPopup.h */,
				036BFCB8181C33310037C1A8 /* JKPopup.m */,
				036BFCB9181C33310037C1A8 /* JKProgressHUD.h */,
				036BFCBA181C33310037C1A8 /* JKProgressHUD.m */,
				036BFCBD181C51AC0037C1A8 /* SURatingPopup.h */,
				036BFCBE181C51AC0037C1A8 /* SURatingPopup.m */,
			);
			name = PopUp;
			sourceTree = "<group>";
		};
		03AA66BD18BAF7CA0022034F /* CorePlotHeaders */ = {
			isa = PBXGroup;
			children = (
				03AA66BE18BAF7CA0022034F /* CorePlot-CocoaTouch.h */,
				03AA66BF18BAF7CA0022034F /* CPTAnimation.h */,
				03AA66C018BAF7CA0022034F /* CPTAnimationOperation.h */,
				03AA66C118BAF7CA0022034F /* CPTAnimationPeriod.h */,
				03AA66C218BAF7CA0022034F /* CPTAnnotation.h */,
				03AA66C318BAF7CA0022034F /* CPTAnnotationHostLayer.h */,
				03AA66C418BAF7CA0022034F /* CPTAxis.h */,
				03AA66C518BAF7CA0022034F /* CPTAxisLabel.h */,
				03AA66C618BAF7CA0022034F /* CPTAxisLabelGroup.h */,
				03AA66C718BAF7CA0022034F /* CPTAxisSet.h */,
				03AA66C818BAF7CA0022034F /* CPTAxisTitle.h */,
				03AA66C918BAF7CA0022034F /* CPTBarPlot.h */,
				03AA66CA18BAF7CA0022034F /* CPTBorderedLayer.h */,
				03AA66CB18BAF7CA0022034F /* CPTCalendarFormatter.h */,
				03AA66CC18BAF7CA0022034F /* CPTColor.h */,
				03AA66CD18BAF7CA0022034F /* CPTColorSpace.h */,
				03AA66CE18BAF7CA0022034F /* CPTConstraints.h */,
				03AA66CF18BAF7CA0022034F /* CPTDataSourceTestCase.h */,
				03AA66D018BAF7CA0022034F /* CPTDefinitions.h */,
				03AA66D118BAF7CA0022034F /* CPTDerivedXYGraph.h */,
				03AA66D218BAF7CA0022034F /* CPTExceptions.h */,
				03AA66D318BAF7CA0022034F /* CPTFill.h */,
				03AA66D418BAF7CA0022034F /* CPTFunctionDataSource.h */,
				03AA66D518BAF7CA0022034F /* CPTGradient.h */,
				03AA66D618BAF7CA0022034F /* CPTGraph.h */,
				03AA66D718BAF7CA0022034F /* CPTGraphHostingView.h */,
				03AA66D818BAF7CA0022034F /* CPTGridLineGroup.h */,
				03AA66D918BAF7CA0022034F /* CPTGridLines.h */,
				03AA66DA18BAF7CA0022034F /* CPTImage.h */,
				03AA66DB18BAF7CA0022034F /* CPTLayer.h */,
				03AA66DC18BAF7CA0022034F /* CPTLayerAnnotation.h */,
				03AA66DD18BAF7CA0022034F /* CPTLegend.h */,
				03AA66DE18BAF7CA0022034F /* CPTLegendEntry.h */,
				03AA66DF18BAF7CA0022034F /* CPTLimitBand.h */,
				03AA66E018BAF7CA0022034F /* CPTLineCap.h */,
				03AA66E118BAF7CA0022034F /* CPTLineStyle.h */,
				03AA66E218BAF7CA0022034F /* CPTMutableLineStyle.h */,
				03AA66E318BAF7CA0022034F /* CPTMutableNumericData+TypeConversion.h */,
				03AA66E418BAF7CA0022034F /* CPTMutableNumericData.h */,
				03AA66E518BAF7CA0022034F /* CPTMutablePlotRange.h */,
				03AA66E618BAF7CA0022034F /* CPTMutableShadow.h */,
				03AA66E718BAF7CA0022034F /* CPTMutableTextStyle.h */,
				03AA66E818BAF7CA0022034F /* CPTNumericData+TypeConversion.h */,
				03AA66E918BAF7CA0022034F /* CPTNumericData.h */,
				03AA66EA18BAF7CA0022034F /* CPTNumericDataType.h */,
				03AA66EB18BAF7CA0022034F /* CPTPathExtensions.h */,
				03AA66EC18BAF7CA0022034F /* CPTPieChart.h */,
				03AA66ED18BAF7CA0022034F /* CPTPlatformSpecificCategories.h */,
				03AA66EE18BAF7CA0022034F /* CPTPlatformSpecificDefines.h */,
				03AA66EF18BAF7CA0022034F /* CPTPlatformSpecificFunctions.h */,
				03AA66F018BAF7CA0022034F /* CPTPlot.h */,
				03AA66F118BAF7CA0022034F /* CPTPlotArea.h */,
				03AA66F218BAF7CA0022034F /* CPTPlotAreaFrame.h */,
				03AA66F318BAF7CA0022034F /* CPTPlotGroup.h */,
				03AA66F418BAF7CA0022034F /* CPTPlotRange.h */,
				03AA66F518BAF7CA0022034F /* CPTPlotSpace.h */,
				03AA66F618BAF7CA0022034F /* CPTPlotSpaceAnnotation.h */,
				03AA66F718BAF7CA0022034F /* CPTPlotSymbol.h */,
				03AA66F818BAF7CA0022034F /* CPTRangePlot.h */,
				03AA66F918BAF7CA0022034F /* CPTResponder.h */,
				03AA66FA18BAF7CA0022034F /* CPTScatterPlot.h */,
				03AA66FB18BAF7CA0022034F /* CPTShadow.h */,
				03AA66FC18BAF7CA0022034F /* CPTTestCase.h */,
				03AA66FD18BAF7CA0022034F /* CPTTextLayer.h */,
				03AA66FE18BAF7CA0022034F /* CPTTextStyle.h */,
				03AA66FF18BAF7CA0022034F /* CPTTextStylePlatformSpecific.h */,
				03AA670018BAF7CA0022034F /* CPTTheme.h */,
				03AA670118BAF7CA0022034F /* CPTTimeFormatter.h */,
				03AA670218BAF7CA0022034F /* CPTTradingRangePlot.h */,
				03AA670318BAF7CA0022034F /* CPTUtilities.h */,
				03AA670418BAF7CA0022034F /* CPTXYAxis.h */,
				03AA670518BAF7CA0022034F /* CPTXYAxisSet.h */,
				03AA670618BAF7CA0022034F /* CPTXYGraph.h */,
				03AA670718BAF7CA0022034F /* CPTXYPlotSpace.h */,
				03AA670818BAF7CA0022034F /* mainpage.h */,
				03AA670918BAF7CA0022034F /* NSCoderExtensions.h */,
				03AA670A18BAF7CA0022034F /* NSDecimalNumberExtensions.h */,
				03AA670B18BAF7CA0022034F /* NSNumberExtensions.h */,
			);
			path = CorePlotHeaders;
			sourceTree = "<group>";
		};
		03D3F90117FCC47600D8B63E /* Tie */ = {
			isa = PBXGroup;
			children = (
				03D3F91417FCC5DB00D8B63E /* SUTieView.h */,
				03D3F91517FCC5DB00D8B63E /* SUTieView.m */,
				03D3F91717FCC5E600D8B63E /* TieView.xib */,
			);
			name = Tie;
			sourceTree = "<group>";
		};
		03D3F90217FCC47E00D8B63E /* Shoes */ = {
			isa = PBXGroup;
			children = (
				03D3F90F17FCC5C800D8B63E /* ShoesView.xib */,
				03D3F91117FCC5D200D8B63E /* SUShoesView.h */,
				03D3F91217FCC5D200D8B63E /* SUShoesView.m */,
			);
			name = Shoes;
			sourceTree = "<group>";
		};
		03D3F90317FCC48A00D8B63E /* Shirt */ = {
			isa = PBXGroup;
			children = (
				03D3F90A17FCC5AF00D8B63E /* SUShirtView.h */,
				03D3F90B17FCC5AF00D8B63E /* SUShirtView.m */,
				03D3F90D17FCC5BD00D8B63E /* ShirtView.xib */,
			);
			name = Shirt;
			sourceTree = "<group>";
		};
		03D3F90417FCC48E00D8B63E /* Suit */ = {
			isa = PBXGroup;
			children = (
				03D3F90517FCC59100D8B63E /* SuitView.xib */,
				036EF3C917FCEBCF009C8CF2 /* SUSuitView.h */,
				036EF3CA17FCEBCF009C8CF2 /* SUSuitView.m */,
			);
			name = Suit;
			sourceTree = "<group>";
		};
		03FCC26517FB491E00450057 = {
			isa = PBXGroup;
			children = (
				03FCC2C117FB4E1D00450057 /* Suit Up.entitlements */,
				03FCC27717FB491E00450057 /* Suit Up */,
				03FCC29617FB491E00450057 /* Suit UpTests */,
				03FCC27017FB491E00450057 /* Frameworks */,
				03FCC26F17FB491E00450057 /* Products */,
				331E0A4845714439AC0DCA4F /* Pods.xcconfig */,
			);
			sourceTree = "<group>";
		};
		03FCC26F17FB491E00450057 /* Products */ = {
			isa = PBXGroup;
			children = (
				03FCC26E17FB491E00450057 /* Suit Up.app */,
				03FCC28F17FB491E00450057 /* Suit UpTests.xctest */,
			);
			name = Products;
			sourceTree = "<group>";
		};
		03FCC27017FB491E00450057 /* Frameworks */ = {
			isa = PBXGroup;
			children = (
				03AA66BB18BAF7B80022034F /* libCorePlot-CocoaTouch.a */,
				03AA66B918BAF7920022034F /* Parse.framework */,
				03DD0CC5181C5AA300F7DB79 /* Accelerate.framework */,
				031CF5BF17FB7DD70011D5F5 /* libTestFlight.a */,
				031CF5B817FB60B70011D5F5 /* Parse.framework */,
				03FCC2BF17FB4BA900450057 /* SystemConfiguration.framework */,
				03FCC2BD17FB4BA100450057 /* StoreKit.framework */,
				03FCC2BB17FB4B9C00450057 /* Security.framework */,
				03FCC2B917FB4B9600450057 /* QuartzCore.framework */,
				03FCC2B717FB4B9100450057 /* MobileCoreServices.framework */,
				03FCC2B517FB4B8D00450057 /* libz.1.1.3.dylib */,
				03FCC2B317FB4B7C00450057 /* CoreLocation.framework */,
				03FCC2B117FB4B7700450057 /* CFNetwork.framework */,
				03FCC2AF17FB4B7000450057 /* AudioToolbox.framework */,
				03FCC2AB17FB49EE00450057 /* libz.dylib */,
				03FCC27117FB491E00450057 /* Foundation.framework */,
				03FCC27317FB491E00450057 /* CoreGraphics.framework */,
				03FCC27517FB491E00450057 /* UIKit.framework */,
				03FCC29017FB491E00450057 /* XCTest.framework */,
				85BF662795C64D29B698BD72 /* libPods.a */,
			);
			name = Frameworks;
			sourceTree = "<group>";
		};
		03FCC27717FB491E00450057 /* Suit Up */ = {
			isa = PBXGroup;
			children = (
				034EEA04182C53FB00568FC9 /* Open */,
				036BFCAF181C2AD20037C1A8 /* PopUp */,
				03D3F90317FCC48A00D8B63E /* Shirt */,
				03D3F90417FCC48E00D8B63E /* Suit */,
				03D3F90217FCC47E00D8B63E /* Shoes */,
				03D3F90117FCC47600D8B63E /* Tie */,
				03FCC28017FB491E00450057 /* SUAppDelegate.h */,
				03FCC28117FB491E00450057 /* SUAppDelegate.m */,
				03FCC28317FB491E00450057 /* Main.storyboard */,
				031CF5BA17FB63580011D5F5 /* Main35.storyboard */,
				03FCC28617FB491E00450057 /* SUViewController.h */,
				03FCC28717FB491E00450057 /* SUViewController.m */,
				03249F8F1856A04500D6280C /* SUCommentViewController.h */,
				03249F901856A04500D6280C /* SUCommentViewController.m */,
				03FCC28917FB491E00450057 /* Images.xcassets */,
				03FCC27817FB491E00450057 /* Supporting Files */,
			);
			path = "Suit Up";
			sourceTree = "<group>";
		};
		03FCC27817FB491E00450057 /* Supporting Files */ = {
			isa = PBXGroup;
			children = (
				0327152D18BBBD060011FA10 /* Texture.csv */,
				03AA66BD18BAF7CA0022034F /* CorePlotHeaders */,
				036BFCAC181C2ACB0037C1A8 /* TJSpinner.h */,
				036BFCAD181C2ACB0037C1A8 /* TJSpinner.m */,
				031CF5BC17FB7DCD0011D5F5 /* TestFlight.h */,
				03ACD1E918079A6800845CC0 /* CSVParser.h */,
				03ACD1EA18079A6800845CC0 /* CSVParser.m */,
				031CF5BD17FB7DCD0011D5F5 /* TestFlight+AsyncLogging.h */,
				031CF5BE17FB7DCD0011D5F5 /* TestFlight+ManualSessions.h */,
				033A4E321807BC1600CBECEB /* Colors.csv */,
				03FCC27917FB491E00450057 /* Suit Up-Info.plist */,
				03FCC27A17FB491E00450057 /* InfoPlist.strings */,
				03FCC27D17FB491E00450057 /* main.m */,
				03FCC27F17FB491E00450057 /* Suit Up-Prefix.pch */,
				03DD0D74181C633500F7DB79 /* FBMissingSymbols.m */,
			);
			name = "Supporting Files";
			sourceTree = "<group>";
		};
		03FCC29617FB491E00450057 /* Suit UpTests */ = {
			isa = PBXGroup;
			children = (
				03FCC29C17FB491E00450057 /* Suit_UpTests.m */,
				03FCC29717FB491E00450057 /* Supporting Files */,
			);
			path = "Suit UpTests";
			sourceTree = "<group>";
		};
		03FCC29717FB491E00450057 /* Supporting Files */ = {
			isa = PBXGroup;
			children = (
				03FCC29817FB491E00450057 /* Suit UpTests-Info.plist */,
				03FCC29917FB491E00450057 /* InfoPlist.strings */,
			);
			name = "Supporting Files";
			sourceTree = "<group>";
		};
/* End PBXGroup section */

/* Begin PBXNativeTarget section */
		03FCC26D17FB491E00450057 /* Suit Up */ = {
			isa = PBXNativeTarget;
			buildConfigurationList = 03FCC2A017FB491E00450057 /* Build configuration list for PBXNativeTarget "Suit Up" */;
			buildPhases = (
				5EF1139AC92D40ED817E44D7 /* Check Pods Manifest.lock */,
				03FCC26A17FB491E00450057 /* Sources */,
				03FCC26B17FB491E00450057 /* Frameworks */,
				03FCC26C17FB491E00450057 /* Resources */,
				C1646F0AED914D49AF99798E /* Copy Pods Resources */,
			);
			buildRules = (
			);
			dependencies = (
			);
			name = "Suit Up";
			productName = "Suit Up";
			productReference = 03FCC26E17FB491E00450057 /* Suit Up.app */;
			productType = "com.apple.product-type.application";
		};
		03FCC28E17FB491E00450057 /* Suit UpTests */ = {
			isa = PBXNativeTarget;
			buildConfigurationList = 03FCC2A317FB491E00450057 /* Build configuration list for PBXNativeTarget "Suit UpTests" */;
			buildPhases = (
				03FCC28B17FB491E00450057 /* Sources */,
				03FCC28C17FB491E00450057 /* Frameworks */,
				03FCC28D17FB491E00450057 /* Resources */,
			);
			buildRules = (
			);
			dependencies = (
				03FCC29517FB491E00450057 /* PBXTargetDependency */,
			);
			name = "Suit UpTests";
			productName = "Suit UpTests";
			productReference = 03FCC28F17FB491E00450057 /* Suit UpTests.xctest */;
			productType = "com.apple.product-type.bundle.unit-test";
		};
/* End PBXNativeTarget section */

/* Begin PBXProject section */
		03FCC26617FB491E00450057 /* Project object */ = {
			isa = PBXProject;
			attributes = {
				CLASSPREFIX = SU;
				LastUpgradeCheck = 0500;
				ORGANIZATIONNAME = "Josh Pearlstein";
				TargetAttributes = {
					03FCC26D17FB491E00450057 = {
						DevelopmentTeam = LRCHYST593;
						SystemCapabilities = {
							com.apple.iCloud = {
								enabled = 1;
							};
						};
					};
					03FCC28E17FB491E00450057 = {
						TestTargetID = 03FCC26D17FB491E00450057;
					};
				};
			};
			buildConfigurationList = 03FCC26917FB491E00450057 /* Build configuration list for PBXProject "Suit Up" */;
			compatibilityVersion = "Xcode 3.2";
			developmentRegion = English;
			hasScannedForEncodings = 0;
			knownRegions = (
				en,
				Base,
			);
			mainGroup = 03FCC26517FB491E00450057;
			productRefGroup = 03FCC26F17FB491E00450057 /* Products */;
			projectDirPath = "";
			projectRoot = "";
			targets = (
				03FCC26D17FB491E00450057 /* Suit Up */,
				03FCC28E17FB491E00450057 /* Suit UpTests */,
			);
		};
/* End PBXProject section */

/* Begin PBXResourcesBuildPhase section */
		03FCC26C17FB491E00450057 /* Resources */ = {
			isa = PBXResourcesBuildPhase;
			buildActionMask = 2147483647;
			files = (
				03FCC28A17FB491E00450057 /* Images.xcassets in Resources */,
				03D3F91817FCC5E600D8B63E /* TieView.xib in Resources */,
				031CF5BB17FB63580011D5F5 /* Main35.storyboard in Resources */,
				03D3F90617FCC59100D8B63E /* SuitView.xib in Resources */,
				03D3F90E17FCC5BD00D8B63E /* ShirtView.xib in Resources */,
				034EEA0F182C553000568FC9 /* OpenView.xib in Resources */,
				03FCC27C17FB491E00450057 /* InfoPlist.strings in Resources */,
				03D3F91017FCC5C800D8B63E /* ShoesView.xib in Resources */,
				033A4E331807BC1600CBECEB /* Colors.csv in Resources */,
				0327152E18BBBD060011FA10 /* Texture.csv in Resources */,
				03FCC28517FB491E00450057 /* Main.storyboard in Resources */,
			);
			runOnlyForDeploymentPostprocessing = 0;
		};
		03FCC28D17FB491E00450057 /* Resources */ = {
			isa = PBXResourcesBuildPhase;
			buildActionMask = 2147483647;
			files = (
				03FCC29B17FB491E00450057 /* InfoPlist.strings in Resources */,
			);
			runOnlyForDeploymentPostprocessing = 0;
		};
/* End PBXResourcesBuildPhase section */

/* Begin PBXShellScriptBuildPhase section */
		5EF1139AC92D40ED817E44D7 /* Check Pods Manifest.lock */ = {
			isa = PBXShellScriptBuildPhase;
			buildActionMask = 2147483647;
			files = (
			);
			inputPaths = (
			);
			name = "Check Pods Manifest.lock";
			outputPaths = (
			);
			runOnlyForDeploymentPostprocessing = 0;
			shellPath = /bin/sh;
			shellScript = "diff \"${PODS_ROOT}/../Podfile.lock\" \"${PODS_ROOT}/Manifest.lock\" > /dev/null\nif [[ $? != 0 ]] ; then\n    cat << EOM\nerror: The sandbox is not in sync with the Podfile.lock. Run 'pod install' or update your CocoaPods installation.\nEOM\n    exit 1\nfi\n";
			showEnvVarsInLog = 0;
		};
		C1646F0AED914D49AF99798E /* Copy Pods Resources */ = {
			isa = PBXShellScriptBuildPhase;
			buildActionMask = 2147483647;
			files = (
			);
			inputPaths = (
			);
			name = "Copy Pods Resources";
			outputPaths = (
			);
			runOnlyForDeploymentPostprocessing = 0;
			shellPath = /bin/sh;
			shellScript = "\"${SRCROOT}/Pods/Pods-resources.sh\"\n";
			showEnvVarsInLog = 0;
		};
/* End PBXShellScriptBuildPhase section */

/* Begin PBXSourcesBuildPhase section */
		03FCC26A17FB491E00450057 /* Sources */ = {
			isa = PBXSourcesBuildPhase;
			buildActionMask = 2147483647;
			files = (
				03D3F90C17FCC5AF00D8B63E /* SUShirtView.m in Sources */,
				036BFCBB181C33310037C1A8 /* JKPopup.m in Sources */,
				034EEA07182C542700568FC9 /* SuitModel.xcdatamodeld in Sources */,
				03D3F91617FCC5DB00D8B63E /* SUTieView.m in Sources */,
				034EEA0D182C551B00568FC9 /* SUOpenView.m in Sources */,
				03D3F91317FCC5D200D8B63E /* SUShoesView.m in Sources */,
				03DD0D75181C633500F7DB79 /* FBMissingSymbols.m in Sources */,
				036BFCBC181C33310037C1A8 /* JKProgressHUD.m in Sources */,
				036EF3CB17FCEBCF009C8CF2 /* SUSuitView.m in Sources */,
				03FCC28817FB491E00450057 /* SUViewController.m in Sources */,
				036BFCBF181C51AC0037C1A8 /* SURatingPopup.m in Sources */,
				03FCC28217FB491E00450057 /* SUAppDelegate.m in Sources */,
				03FCC27E17FB491E00450057 /* main.m in Sources */,
				036BFCAE181C2ACB0037C1A8 /* TJSpinner.m in Sources */,
				03921FC8187A0ABC004F7BEA /* Suit.m in Sources */,
				03249F911856A04500D6280C /* SUCommentViewController.m in Sources */,
				03ACD1EB18079A6800845CC0 /* CSVParser.m in Sources */,
			);
			runOnlyForDeploymentPostprocessing = 0;
		};
		03FCC28B17FB491E00450057 /* Sources */ = {
			isa = PBXSourcesBuildPhase;
			buildActionMask = 2147483647;
			files = (
				03FCC29D17FB491E00450057 /* Suit_UpTests.m in Sources */,
			);
			runOnlyForDeploymentPostprocessing = 0;
		};
/* End PBXSourcesBuildPhase section */

/* Begin PBXTargetDependency section */
		03FCC29517FB491E00450057 /* PBXTargetDependency */ = {
			isa = PBXTargetDependency;
			target = 03FCC26D17FB491E00450057 /* Suit Up */;
			targetProxy = 03FCC29417FB491E00450057 /* PBXContainerItemProxy */;
		};
/* End PBXTargetDependency section */

/* Begin PBXVariantGroup section */
		03FCC27A17FB491E00450057 /* InfoPlist.strings */ = {
			isa = PBXVariantGroup;
			children = (
				03FCC27B17FB491E00450057 /* en */,
			);
			name = InfoPlist.strings;
			sourceTree = "<group>";
		};
		03FCC28317FB491E00450057 /* Main.storyboard */ = {
			isa = PBXVariantGroup;
			children = (
				03FCC28417FB491E00450057 /* Base */,
			);
			name = Main.storyboard;
			sourceTree = "<group>";
		};
		03FCC29917FB491E00450057 /* InfoPlist.strings */ = {
			isa = PBXVariantGroup;
			children = (
				03FCC29A17FB491E00450057 /* en */,
			);
			name = InfoPlist.strings;
			sourceTree = "<group>";
		};
/* End PBXVariantGroup section */

/* Begin XCBuildConfiguration section */
		03FCC29E17FB491E00450057 /* Debug */ = {
			isa = XCBuildConfiguration;
			buildSettings = {
				ALWAYS_SEARCH_USER_PATHS = NO;
				ARCHS = "$(ARCHS_STANDARD_INCLUDING_64_BIT)";
				CLANG_CXX_LANGUAGE_STANDARD = "gnu++0x";
				CLANG_CXX_LIBRARY = "libc++";
				CLANG_ENABLE_MODULES = YES;
				CLANG_ENABLE_OBJC_ARC = YES;
				CLANG_WARN_BOOL_CONVERSION = YES;
				CLANG_WARN_CONSTANT_CONVERSION = YES;
				CLANG_WARN_DIRECT_OBJC_ISA_USAGE = YES_ERROR;
				CLANG_WARN_EMPTY_BODY = YES;
				CLANG_WARN_ENUM_CONVERSION = YES;
				CLANG_WARN_INT_CONVERSION = YES;
				CLANG_WARN_OBJC_ROOT_CLASS = YES_ERROR;
				CLANG_WARN__DUPLICATE_METHOD_MATCH = YES;
				"CODE_SIGN_IDENTITY[sdk=iphoneos*]" = "iPhone Developer";
				COPY_PHASE_STRIP = NO;
				GCC_C_LANGUAGE_STANDARD = gnu99;
				GCC_DYNAMIC_NO_PIC = NO;
				GCC_OPTIMIZATION_LEVEL = 0;
				GCC_PREPROCESSOR_DEFINITIONS = (
					"DEBUG=1",
					"$(inherited)",
				);
				GCC_SYMBOLS_PRIVATE_EXTERN = NO;
				GCC_WARN_64_TO_32_BIT_CONVERSION = YES;
				GCC_WARN_ABOUT_RETURN_TYPE = YES_ERROR;
				GCC_WARN_UNDECLARED_SELECTOR = YES;
				GCC_WARN_UNINITIALIZED_AUTOS = YES;
				GCC_WARN_UNUSED_FUNCTION = YES;
				GCC_WARN_UNUSED_VARIABLE = YES;
				IPHONEOS_DEPLOYMENT_TARGET = 7.0;
				ONLY_ACTIVE_ARCH = YES;
				OTHER_LDFLAGS = "";
				SDKROOT = iphoneos;
			};
			name = Debug;
		};
		03FCC29F17FB491E00450057 /* Release */ = {
			isa = XCBuildConfiguration;
			buildSettings = {
				ALWAYS_SEARCH_USER_PATHS = NO;
				ARCHS = "$(ARCHS_STANDARD_INCLUDING_64_BIT)";
				CLANG_CXX_LANGUAGE_STANDARD = "gnu++0x";
				CLANG_CXX_LIBRARY = "libc++";
				CLANG_ENABLE_MODULES = YES;
				CLANG_ENABLE_OBJC_ARC = YES;
				CLANG_WARN_BOOL_CONVERSION = YES;
				CLANG_WARN_CONSTANT_CONVERSION = YES;
				CLANG_WARN_DIRECT_OBJC_ISA_USAGE = YES_ERROR;
				CLANG_WARN_EMPTY_BODY = YES;
				CLANG_WARN_ENUM_CONVERSION = YES;
				CLANG_WARN_INT_CONVERSION = YES;
				CLANG_WARN_OBJC_ROOT_CLASS = YES_ERROR;
				CLANG_WARN__DUPLICATE_METHOD_MATCH = YES;
				"CODE_SIGN_IDENTITY[sdk=iphoneos*]" = "iPhone Developer";
				COPY_PHASE_STRIP = YES;
				ENABLE_NS_ASSERTIONS = NO;
				GCC_C_LANGUAGE_STANDARD = gnu99;
				GCC_WARN_64_TO_32_BIT_CONVERSION = YES;
				GCC_WARN_ABOUT_RETURN_TYPE = YES_ERROR;
				GCC_WARN_UNDECLARED_SELECTOR = YES;
				GCC_WARN_UNINITIALIZED_AUTOS = YES;
				GCC_WARN_UNUSED_FUNCTION = YES;
				GCC_WARN_UNUSED_VARIABLE = YES;
				IPHONEOS_DEPLOYMENT_TARGET = 7.0;
				OTHER_LDFLAGS = "";
				SDKROOT = iphoneos;
				VALIDATE_PRODUCT = YES;
			};
			name = Release;
		};
		03FCC2A117FB491E00450057 /* Debug */ = {
			isa = XCBuildConfiguration;
			baseConfigurationReference = 331E0A4845714439AC0DCA4F /* Pods.xcconfig */;
			buildSettings = {
				ARCHS = "$(ARCHS_STANDARD)";
				ASSETCATALOG_COMPILER_APPICON_NAME = AppIcon;
				ASSETCATALOG_COMPILER_LAUNCHIMAGE_NAME = LaunchImage;
				CODE_SIGN_ENTITLEMENTS = "Suit Up/Suit Up.entitlements";
				CODE_SIGN_IDENTITY = "iPhone Developer";
				"CODE_SIGN_IDENTITY[sdk=iphoneos*]" = "iPhone Developer";
				FRAMEWORK_SEARCH_PATHS = (
					"$(inherited)",
					"/Users/Josh/Desktop/Suit\\ Up/iOS/Suit\\ Up",
					"/Users/Josh/Desktop/Projects/Suit\\ Up/iOS/Suit\\ Up",
				);
				GCC_PRECOMPILE_PREFIX_HEADER = YES;
				GCC_PREFIX_HEADER = "Suit Up/Suit Up-Prefix.pch";
				INFOPLIST_FILE = "Suit Up/Suit Up-Info.plist";
				LIBRARY_SEARCH_PATHS = (
					"$(inherited)",
					"/Users/Josh/Desktop/Suit\\ Up/iOS/Suit\\ Up",
					"/Users/Josh/Desktop/Suit\\ Up/iOS/Suit\\ Up/Suit\\ Up/CorePlotHeaders",
					"/Users/Josh/Desktop/Projects/Suit\\ Up/iOS/Suit\\ Up",
				);
				ONLY_ACTIVE_ARCH = YES;
				OTHER_LDFLAGS = (
					"-all_load",
					"-ObjC",
				);
				PRODUCT_NAME = "$(TARGET_NAME)";
				PROVISIONING_PROFILE = "";
				TARGETED_DEVICE_FAMILY = 1;
				VALID_ARCHS = "armv7 armv7s";
				WRAPPER_EXTENSION = app;
			};
			name = Debug;
		};
		03FCC2A217FB491E00450057 /* Release */ = {
			isa = XCBuildConfiguration;
			baseConfigurationReference = 331E0A4845714439AC0DCA4F /* Pods.xcconfig */;
			buildSettings = {
				ARCHS = "$(ARCHS_STANDARD)";
				ASSETCATALOG_COMPILER_APPICON_NAME = AppIcon;
				ASSETCATALOG_COMPILER_LAUNCHIMAGE_NAME = LaunchImage;
				CODE_SIGN_ENTITLEMENTS = "Suit Up/Suit Up.entitlements";
				CODE_SIGN_IDENTITY = "iPhone Developer";
				"CODE_SIGN_IDENTITY[sdk=iphoneos*]" = "iPhone Developer";
				FRAMEWORK_SEARCH_PATHS = (
					"$(inherited)",
					"/Users/Josh/Desktop/Suit\\ Up/iOS/Suit\\ Up",
					"/Users/Josh/Desktop/Projects/Suit\\ Up/iOS/Suit\\ Up",
				);
				GCC_PRECOMPILE_PREFIX_HEADER = YES;
				GCC_PREFIX_HEADER = "Suit Up/Suit Up-Prefix.pch";
				INFOPLIST_FILE = "Suit Up/Suit Up-Info.plist";
				LIBRARY_SEARCH_PATHS = (
					"$(inherited)",
					"/Users/Josh/Desktop/Suit\\ Up/iOS/Suit\\ Up",
					"/Users/Josh/Desktop/Suit\\ Up/iOS/Suit\\ Up/Suit\\ Up/CorePlotHeaders",
					"/Users/Josh/Desktop/Projects/Suit\\ Up/iOS/Suit\\ Up",
				);
				ONLY_ACTIVE_ARCH = YES;
				OTHER_LDFLAGS = (
					"-all_load",
					"-ObjC",
				);
				PRODUCT_NAME = "$(TARGET_NAME)";
				PROVISIONING_PROFILE = "";
				TARGETED_DEVICE_FAMILY = 1;
				VALID_ARCHS = "armv7 armv7s";
				WRAPPER_EXTENSION = app;
			};
			name = Release;
		};
		03FCC2A417FB491E00450057 /* Debug */ = {
			isa = XCBuildConfiguration;
			buildSettings = {
				ARCHS = "$(ARCHS_STANDARD_INCLUDING_64_BIT)";
				BUNDLE_LOADER = "$(BUILT_PRODUCTS_DIR)/Suit Up.app/Suit Up";
				FRAMEWORK_SEARCH_PATHS = (
					"$(SDKROOT)/Developer/Library/Frameworks",
					"$(inherited)",
					"$(DEVELOPER_FRAMEWORKS_DIR)",
				);
				GCC_PRECOMPILE_PREFIX_HEADER = YES;
				GCC_PREFIX_HEADER = "Suit Up/Suit Up-Prefix.pch";
				GCC_PREPROCESSOR_DEFINITIONS = (
					"DEBUG=1",
					"$(inherited)",
				);
				INFOPLIST_FILE = "Suit UpTests/Suit UpTests-Info.plist";
				PRODUCT_NAME = "$(TARGET_NAME)";
				TEST_HOST = "$(BUNDLE_LOADER)";
				WRAPPER_EXTENSION = xctest;
			};
			name = Debug;
		};
		03FCC2A517FB491E00450057 /* Release */ = {
			isa = XCBuildConfiguration;
			buildSettings = {
				ARCHS = "$(ARCHS_STANDARD_INCLUDING_64_BIT)";
				BUNDLE_LOADER = "$(BUILT_PRODUCTS_DIR)/Suit Up.app/Suit Up";
				FRAMEWORK_SEARCH_PATHS = (
					"$(SDKROOT)/Developer/Library/Frameworks",
					"$(inherited)",
					"$(DEVELOPER_FRAMEWORKS_DIR)",
				);
				GCC_PRECOMPILE_PREFIX_HEADER = YES;
				GCC_PREFIX_HEADER = "Suit Up/Suit Up-Prefix.pch";
				INFOPLIST_FILE = "Suit UpTests/Suit UpTests-Info.plist";
				PRODUCT_NAME = "$(TARGET_NAME)";
				TEST_HOST = "$(BUNDLE_LOADER)";
				WRAPPER_EXTENSION = xctest;
			};
			name = Release;
		};
/* End XCBuildConfiguration section */

/* Begin XCConfigurationList section */
		03FCC26917FB491E00450057 /* Build configuration list for PBXProject "Suit Up" */ = {
			isa = XCConfigurationList;
			buildConfigurations = (
				03FCC29E17FB491E00450057 /* Debug */,
				03FCC29F17FB491E00450057 /* Release */,
			);
			defaultConfigurationIsVisible = 0;
			defaultConfigurationName = Release;
		};
		03FCC2A017FB491E00450057 /* Build configuration list for PBXNativeTarget "Suit Up" */ = {
			isa = XCConfigurationList;
			buildConfigurations = (
				03FCC2A117FB491E00450057 /* Debug */,
				03FCC2A217FB491E00450057 /* Release */,
			);
			defaultConfigurationIsVisible = 0;
			defaultConfigurationName = Release;
		};
		03FCC2A317FB491E00450057 /* Build configuration list for PBXNativeTarget "Suit UpTests" */ = {
			isa = XCConfigurationList;
			buildConfigurations = (
				03FCC2A417FB491E00450057 /* Debug */,
				03FCC2A517FB491E00450057 /* Release */,
			);
			defaultConfigurationIsVisible = 0;
			defaultConfigurationName = Release;
		};
/* End XCConfigurationList section */

/* Begin XCVersionGroup section */
		034EEA05182C542700568FC9 /* SuitModel.xcdatamodeld */ = {
			isa = XCVersionGroup;
			children = (
				034EEA06182C542700568FC9 /* SuitModel.xcdatamodel */,
			);
			currentVersion = 034EEA06182C542700568FC9 /* SuitModel.xcdatamodel */;
			path = SuitModel.xcdatamodeld;
			sourceTree = "<group>";
			versionGroupType = wrapper.xcdatamodel;
		};
/* End XCVersionGroup section */
	};
	rootObject = 03FCC26617FB491E00450057 /* Project object */;
}
